<?xml version="1.0" encoding="UTF-8" standalone="yes" ?>
<CodeBlocks_project_file>
	<FileVersion major="1" minor="6" />
	<Project>
		<Option title="test" />
		<Option compiler="gcc" />
		<Option virtualFolders="methods/;method_stacks/;interpolation/;optimizers/;utils/;compiler_etc/;time_and_calendar/;serialization/;full_model/;api/;time_series/;routing/;dtss/;" />
		<Build>
			<Target title="Debug">
				<Option output="../bin/Debug/test_shyft" prefix_auto="1" extension_auto="1" />
				<Option working_dir="../bin/Debug" />
				<Option object_output="obj/Debug/" />
				<Option type="1" />
				<Option compiler="gcc" />
				<Option parameters="-nv -tc=test_average_value_linear_between_points" />
				<Compiler>
					<Add option="-g" />
				</Compiler>
				<Linker>
					<Add directory="../bin/Debug" />
				</Linker>
				<ExtraCommands>
					<Add after="cd ../bin/Debug &amp;&amp; ./test_shyft -nv -ts=time_series" />
					<Mode after="always" />
				</ExtraCommands>
			</Target>
			<Target title="Release">
				<Option output="../bin/Release/test_shyft" prefix_auto="1" extension_auto="1" />
				<Option working_dir="../bin/Release" />
				<Option object_output="obj/Release/" />
				<Option type="1" />
				<Option compiler="gcc" />
				<Option parameters="-tc=tsv_nash_sutcliffe" />
				<Compiler>
					<Add option="-O3" />
					<Add option="-DARMA_NO_DEBUG" />
				</Compiler>
				<Linker>
					<Add option="-O3" />
					<Add directory="../bin/Release" />
				</Linker>
				<ExtraCommands>
					<Add after="cd ../bin/Release &amp;&amp; ./test_shyft -nv  -ts=time_series" />
					<Mode after="always" />
				</ExtraCommands>
			</Target>
		</Build>
		<Compiler>
			<Add option="-Wall" />
			<Add option="-std=c++1y" />
			<Add option="-fexceptions -Winvalid-pch -pthread" />
			<Add option="-D__UNIT_TEST__" />
			<Add option="-DVERBOSE=0" />
			<Add option="-DARMA_DONT_USE_WRAPPER" />
			<Add option="-DARMA_DONT_PRINT_ERRORS" />
			<Add directory="../../cxxtest" />
			<Add directory=".." />
			<Add directory="../../dlib" />
			<Add directory="$(#boost.include)" />
			<Add directory="$(#dlib.include)" />
			<Add directory="$(#armadillo.include)" />
			<Add directory="$(#doctest.include)" />
		</Compiler>
		<Linker>
			<Add option="-pthread" />
			<Add library="shyftcore" />
			<Add library="shyftapi" />
			<Add library="pthread" />
			<Add library="boost_filesystem" />
			<Add library="boost_system" />
			<Add library="boost_serialization" />
			<Add library="blas" />
			<Add library="lapack" />
			<Add library="dlib" />
			<Add directory="$(#dlib.lib)" />
			<Add directory="$(#boost.lib)" />
			<Add directory="/usr/local/lib64" />
			<Add directory="/usr/local/lib" />
		</Linker>
		<Unit filename="actual_evapotranspiration_test.cpp">
			<Option virtualFolder="methods/" />
		</Unit>
		<Unit filename="api_test.cpp">
			<Option virtualFolder="api/" />
		</Unit>
		<Unit filename="bayesian_kriging_test.cpp">
			<Option virtualFolder="interpolation/" />
		</Unit>
		<Unit filename="calibration_test.cpp">
			<Option virtualFolder="optimizers/" />
		</Unit>
		<Unit filename="cell_builder_test.cpp">
			<Option virtualFolder="full_model/" />
		</Unit>
		<Unit filename="dtss_test.cpp">
			<Option virtualFolder="dtss/" />
		</Unit>
		<Unit filename="gamma_snow_test.cpp">
			<Option virtualFolder="methods/" />
		</Unit>
		<Unit filename="glacier_melt_test.cpp">
			<Option virtualFolder="methods/" />
		</Unit>
		<Unit filename="gridpp_test.cpp">
			<Option virtualFolder="interpolation/" />
		</Unit>
		<Unit filename="hbv_actual_evapotranspiration_test.cpp">
			<Option virtualFolder="methods/" />
		</Unit>
		<Unit filename="hbv_snow_test.cpp">
			<Option virtualFolder="methods/" />
		</Unit>
		<Unit filename="hbv_soil_test.cpp">
			<Option virtualFolder="methods/" />
		</Unit>
		<Unit filename="hbv_stack_test.cpp">
			<Option virtualFolder="methods/" />
		</Unit>
		<Unit filename="hbv_tank_test.cpp">
			<Option virtualFolder="methods/" />
		</Unit>
		<Unit filename="inverse_distance_test.cpp">
			<Option virtualFolder="interpolation/" />
		</Unit>
		<Unit filename="kalman_test.cpp">
			<Option virtualFolder="optimizers/" />
		</Unit>
		<Unit filename="kirchner_test.cpp">
			<Option virtualFolder="methods/" />
		</Unit>
		<Unit filename="kriging_test.cpp">
			<Option virtualFolder="interpolation/" />
		</Unit>
		<Unit filename="merge_test.cpp">
			<Option virtualFolder="time_series/" />
		</Unit>
		<Unit filename="mocks.cpp">
			<Option virtualFolder="compiler_etc/" />
		</Unit>
		<Unit filename="mocks.h">
			<Option virtualFolder="compiler_etc/" />
		</Unit>
		<Unit filename="predictor_test.cpp">
			<Option virtualFolder="time_series/" />
		</Unit>
		<Unit filename="priestley_taylor_test.cpp">
			<Option virtualFolder="methods/" />
		</Unit>
		<Unit filename="pt_gs_k_test.cpp">
			<Option virtualFolder="method_stacks/" />
		</Unit>
		<Unit filename="pt_hs_k_test.cpp">
			<Option virtualFolder="method_stacks/" />
		</Unit>
		<Unit filename="pt_ss_k_test.cpp">
			<Option virtualFolder="method_stacks/" />
		</Unit>
		<Unit filename="qm_test.cpp">
			<Option virtualFolder="time_series/" />
		</Unit>
		<Unit filename="region_model_test.cpp">
			<Option virtualFolder="full_model/" />
		</Unit>
		<Unit filename="routing_test.cpp">
			<Option virtualFolder="routing/" />
		</Unit>
		<Unit filename="runner.cpp">
			<Option virtualFolder="compiler_etc/" />
		</Unit>
		<Unit filename="sceua_test.cpp">
			<Option virtualFolder="optimizers/" />
		</Unit>
		<Unit filename="serialization_test.cpp">
			<Option virtualFolder="serialization/" />
		</Unit>
		<Unit filename="skaugen_test.cpp">
			<Option virtualFolder="interpolation/" />
		</Unit>
		<Unit filename="test_pch.cpp">
			<Option compile="0" />
			<Option link="0" />
			<Option virtualFolder="compiler_etc/" />
		</Unit>
		<Unit filename="test_pch.h">
			<Option compile="1" />
			<Option weight="0" />
			<Option virtualFolder="compiler_etc/" />
		</Unit>
		<Unit filename="time_axis_test.cpp">
			<Option virtualFolder="time_series/" />
		</Unit>
		<Unit filename="time_series_average_test.cpp">
			<Option virtualFolder="time_series/" />
		</Unit>
		<Unit filename="time_series_test.cpp">
			<Option virtualFolder="time_series/" />
		</Unit>
		<Unit filename="utctime_utilities_test.cpp">
			<Option virtualFolder="time_and_calendar/" />
		</Unit>
		<Extensions>
			<DoxyBlocks>
				<comment_style block="0" line="0" />
				<doxyfile_project project_number="1" output_directory="home/sih/projects/shyft-doc/core" />
				<doxyfile_build />
				<doxyfile_warnings />
				<doxyfile_output />
				<doxyfile_dot class_diagrams="1" have_dot="1" />
				<general />
			</DoxyBlocks>
			<code_completion />
			<envvars />
			<lib_finder disable_auto="1" />
			<debugger>
				<search_path add="../bin/Debug" />
			</debugger>
		</Extensions>
	</Project>
</CodeBlocks_project_file>
