<?xml version="1.0" encoding="utf-8"?>
<Project ToolsVersion="4.0" xmlns="http://schemas.microsoft.com/developer/msbuild/2003">
  <ItemGroup>
    <ClInclude Include="mocks.h">
      <Filter>compiler_and_testsupport</Filter>
    </ClInclude>
    <ClInclude Include="test_pch.h">
      <Filter>compiler_and_testsupport</Filter>
    </ClInclude>
  </ItemGroup>
  <ItemGroup>
    <ClCompile Include="actual_evapotranspiration_test.cpp">
      <Filter>methods</Filter>
    </ClCompile>
    <ClCompile Include="gamma_snow_test.cpp">
      <Filter>methods</Filter>
    </ClCompile>
    <ClCompile Include="hbv_snow_test.cpp">
      <Filter>methods</Filter>
    </ClCompile>
    <ClCompile Include="kirchner_test.cpp">
      <Filter>methods</Filter>
    </ClCompile>
    <ClCompile Include="priestley_taylor_test.cpp">
      <Filter>methods</Filter>
    </ClCompile>
    <ClCompile Include="bayesian_kriging_test.cpp">
      <Filter>interpolation</Filter>
    </ClCompile>
    <ClCompile Include="inverse_distance_test.cpp">
      <Filter>interpolation</Filter>
    </ClCompile>
    <ClCompile Include="pt_gs_k_test.cpp">
      <Filter>method-stacks</Filter>
    </ClCompile>
    <ClCompile Include="pt_hs_k_test.cpp">
      <Filter>method-stacks</Filter>
    </ClCompile>
    <ClCompile Include="pt_ss_k_test.cpp">
      <Filter>method-stacks</Filter>
    </ClCompile>
    <ClCompile Include="skaugen_test.cpp">
      <Filter>methods</Filter>
    </ClCompile>
    <ClCompile Include="utctime_utilities_test.cpp">
      <Filter>time</Filter>
    </ClCompile>
    <ClCompile Include="sceua_test.cpp">
      <Filter>optimizers</Filter>
    </ClCompile>
    <ClCompile Include="calibration_test.cpp">
      <Filter>optimizers</Filter>
    </ClCompile>
    <ClCompile Include="time_axis_test.cpp">
      <Filter>time_series</Filter>
    </ClCompile>
    <ClCompile Include="api_test.cpp">
      <Filter>usecases</Filter>
    </ClCompile>
    <ClCompile Include="cell_builder_test.cpp">
      <Filter>usecases</Filter>
    </ClCompile>
    <ClCompile Include="region_model_test.cpp">
      <Filter>usecases</Filter>
    </ClCompile>
    <ClCompile Include="mocks.cpp">
      <Filter>compiler_and_testsupport</Filter>
    </ClCompile>
    <ClCompile Include="runner.cpp">
      <Filter>compiler_and_testsupport</Filter>
    </ClCompile>
    <ClCompile Include="test_pch.cpp">
      <Filter>compiler_and_testsupport</Filter>
    </ClCompile>
    <ClCompile Include="gridpp_test.cpp">
      <Filter>interpolation</Filter>
    </ClCompile>
    <ClCompile Include="kalman_test.cpp">
      <Filter>interpolation</Filter>
    </ClCompile>
    <ClCompile Include="hbv_actual_evapotranspiration_test.cpp">
      <Filter>methods</Filter>
    </ClCompile>
    <ClCompile Include="hbv_soil_test.cpp">
      <Filter>methods</Filter>
    </ClCompile>
    <ClCompile Include="hbv_stack_test.cpp">
      <Filter>method-stacks</Filter>
    </ClCompile>
    <ClCompile Include="hbv_tank_test.cpp">
      <Filter>methods</Filter>
    </ClCompile>
    <ClCompile Include="glacier_melt_test.cpp">
      <Filter>methods</Filter>
    </ClCompile>
    <ClCompile Include="kriging_test.cpp">
      <Filter>interpolation</Filter>
    </ClCompile>
    <ClCompile Include="serialization_test.cpp">
      <Filter>serialization</Filter>
    </ClCompile>
    <ClCompile Include="routing_test.cpp">
      <Filter>routing</Filter>
    </ClCompile>
    <ClCompile Include="dtss_test.cpp" />
    <ClCompile Include="time_series_test.cpp">
      <Filter>time_series</Filter>
    </ClCompile>
    <ClCompile Include="merge_test.cpp">
      <Filter>time_series</Filter>
    </ClCompile>
    <ClCompile Include="max_abs_average_accessor_test.cpp">
      <Filter>optimizers</Filter>
    </ClCompile>
    <ClCompile Include="predictor_test.cpp">
      <Filter>time_series</Filter>
    </ClCompile>
    <ClCompile Include="qm_test.cpp">
      <Filter>time_series</Filter>
    </ClCompile>
    <ClCompile Include="time_series_average_test.cpp">
      <Filter>time_series</Filter>
    </ClCompile>
    <ClCompile Include="time_series_fixup_test.cpp">
      <Filter>time_series</Filter>
    </ClCompile>
  </ItemGroup>
  <ItemGroup>
    <Filter Include="methods">
      <UniqueIdentifier>{1d1c35a3-9ab1-48f5-ac98-ebd08c951d4f}</UniqueIdentifier>
    </Filter>
    <Filter Include="interpolation">
      <UniqueIdentifier>{01dd5e15-89b3-4fe5-8425-16a7a9bf33d2}</UniqueIdentifier>
    </Filter>
    <Filter Include="method-stacks">
      <UniqueIdentifier>{5b62a958-49e3-4ab5-a440-1f768efe6432}</UniqueIdentifier>
    </Filter>
    <Filter Include="time">
      <UniqueIdentifier>{4a8ccc8e-0a32-4dbd-b7b1-f265f198bc1f}</UniqueIdentifier>
    </Filter>
    <Filter Include="optimizers">
      <UniqueIdentifier>{67c7111a-3f8e-4853-b558-d0c0f87b56b6}</UniqueIdentifier>
    </Filter>
    <Filter Include="usecases">
      <UniqueIdentifier>{9fc8a5b2-3517-4157-9f25-b55f1b13be49}</UniqueIdentifier>
    </Filter>
    <Filter Include="compiler_and_testsupport">
      <UniqueIdentifier>{87c7c61d-44db-405e-94c4-d3767587e3e7}</UniqueIdentifier>
    </Filter>
    <Filter Include="serialization">
      <UniqueIdentifier>{dd510b90-1bd0-410d-b22c-504d8e303e96}</UniqueIdentifier>
    </Filter>
    <Filter Include="routing">
      <UniqueIdentifier>{b2995031-3646-4ed1-9f64-5bb11612f0a0}</UniqueIdentifier>
    </Filter>
    <Filter Include="time_series">
      <UniqueIdentifier>{1c0b9abc-7129-48cb-be5a-18e11386ec0b}</UniqueIdentifier>
    </Filter>
  </ItemGroup>
</Project>