<?xml version="1.0" encoding="UTF-8" standalone="yes" ?>
<CodeBlocks_project_file>
	<FileVersion major="1" minor="6" />
	<Project>
		<Option title="boostpython" />
		<Option compiler="gcc" />
		<Option virtualFolders="api/;" />
		<Build>
			<Target title="api_Debug">
				<Option output="../../shyft/api/_api" prefix_auto="0" extension_auto="1" />
				<Option object_output="obj/Debug/" />
				<Option type="3" />
				<Option compiler="gcc" />
				<Compiler>
					<Add option="-g" />
				</Compiler>
				<Linker>
					<Add option="-Wl,-rpath=\\$$$ORIGIN/../lib" />
					<Add directory="../../bin/Debug" />
				</Linker>
			</Target>
			<Target title="api_Release">
				<Option output="../../shyft/api/_api" prefix_auto="0" extension_auto="1" />
				<Option object_output="obj/Release/" />
				<Option type="3" />
				<Option compiler="gcc" />
				<Compiler>
					<Add option="-O3" />
				</Compiler>
				<Linker>
					<Add option="-s" />
					<Add option="-Wl,-rpath=\\$$$ORIGIN/../lib" />
					<Add directory="../../bin/Release" />
				</Linker>
			</Target>
			<Target title="pt_gs_k_Debug">
				<Option output="../../shyft/api/pt_gs_k/_pt_gs_k" prefix_auto="0" extension_auto="1" />
				<Option object_output="obj/Debug/" />
				<Option type="3" />
				<Option compiler="gcc" />
				<Compiler>
					<Add option="-g" />
				</Compiler>
				<Linker>
					<Add directory="../../bin/Debug" />
				</Linker>
			</Target>
			<Target title="pt_gs_k_Release">
				<Option output="../../shyft/api/pt_gs_k/_pt_gs_k" prefix_auto="0" extension_auto="1" />
				<Option object_output="obj/Release/" />
				<Option type="3" />
				<Option compiler="gcc" />
				<Compiler>
					<Add option="-O3" />
				</Compiler>
				<Linker>
					<Add option="-s" />
					<Add directory="../../bin/Release" />
				</Linker>
			</Target>
			<Target title="pt_hs_k_Debug">
				<Option output="../../shyft/api/pt_hs_k/_pt_hs_k" prefix_auto="0" extension_auto="1" />
				<Option object_output="obj/Debug/" />
				<Option type="3" />
				<Option compiler="gcc" />
				<Compiler>
					<Add option="-g" />
				</Compiler>
				<Linker>
					<Add directory="../../bin/Debug" />
				</Linker>
			</Target>
			<Target title="pt_hs_k_Release">
				<Option output="../../shyft/api/pt_hs_k/_pt_hs_k" prefix_auto="0" extension_auto="1" />
				<Option object_output="obj/Release/" />
				<Option type="3" />
				<Option compiler="gcc" />
				<Compiler>
					<Add option="-O3" />
				</Compiler>
				<Linker>
					<Add option="-s" />
					<Add directory="../../bin/Release" />
				</Linker>
			</Target>
			<Target title="pt_ss_k_Debug">
				<Option output="../../shyft/api/pt_ss_k/_pt_ss_k" prefix_auto="0" extension_auto="1" />
				<Option object_output="obj/Debug/" />
				<Option type="3" />
				<Option compiler="gcc" />
				<Compiler>
					<Add option="-g" />
				</Compiler>
				<Linker>
					<Add directory="../../bin/Debug" />
				</Linker>
			</Target>
			<Target title="pt_ss_k_Release">
				<Option output="../../shyft/api/pt_ss_k/_pt_ss_k" prefix_auto="0" extension_auto="1" />
				<Option object_output="obj/Release/" />
				<Option type="3" />
				<Option compiler="gcc" />
				<Compiler>
					<Add option="-O3" />
				</Compiler>
				<Linker>
					<Add option="-s" />
					<Add directory="../../bin/Release" />
				</Linker>
			</Target>
			<Target title="hbv_stack_Debug">
				<Option output="../../shyft/api/hbv_stack/_hbv_stack" prefix_auto="0" extension_auto="1" />
				<Option object_output="obj/Debug/" />
				<Option type="3" />
				<Option compiler="gcc" />
				<Compiler>
					<Add option="-g" />
				</Compiler>
				<Linker>
					<Add directory="../../bin/Debug" />
				</Linker>
			</Target>
			<Target title="hbv_stack_Release">
				<Option output="../../shyft/api/hbv_stack/_hbv_stack" prefix_auto="0" extension_auto="1" />
				<Option object_output="obj/Release/" />
				<Option type="3" />
				<Option compiler="gcc" />
				<Compiler>
					<Add option="-O3" />
				</Compiler>
				<Linker>
					<Add option="-s" />
					<Add directory="../../bin/Release" />
				</Linker>
			</Target>
		</Build>
		<VirtualTargets>
			<Add alias="Debug" targets="api_Debug;pt_gs_k_Debug;pt_hs_k_Debug;pt_ss_k_Debug;hbv_stack_Debug;" />
			<Add alias="Release" targets="api_Release;pt_gs_k_Release;pt_hs_k_Release;pt_ss_k_Release;hbv_stack_Release;" />
		</VirtualTargets>
		<Compiler>
			<Add option="-Wall" />
			<Add option="-std=c++14" />
			<Add option="-fexceptions" />
			<Add directory="../.." />
			<Add directory="$(#python.include)" />
			<Add directory="$(#numpy.include)" />
			<Add directory="$(#boost.include)" />
			<Add directory="$(#armadillo.include)" />
			<Add directory="$(#dlib.include)" />
		</Compiler>
		<Linker>
			<Add option="-pthread" />
			<Add option="-Wl,-rpath=\\$$$ORIGIN/../../lib" />
			<Add library="blas" />
			<Add library="lapack" />
			<Add library="shyftapi" />
			<Add library="shyftcore" />
			<Add library="boost_python3" />
			<Add library="python3" />
			<Add library="boost_serialization" />
			<Add library="dlib" />
			<Add library="boost_filesystem" />
			<Add library="boost_system" />
			<Add directory="$(#dlib.lib)" />
			<Add directory="$(#boost.lib)" />
			<Add directory="$(#python.lib)" />
		</Linker>
		<Unit filename="api.cpp">
			<Option virtualFolder="api/" />
			<Option target="api_Debug" />
			<Option target="api_Release" />
		</Unit>
		<Unit filename="api_actual_evapotranspiration.cpp">
			<Option virtualFolder="api/" />
			<Option target="api_Debug" />
			<Option target="api_Release" />
		</Unit>
		<Unit filename="api_cell_environment.cpp">
			<Option virtualFolder="api/" />
			<Option target="api_Debug" />
			<Option target="api_Release" />
		</Unit>
		<Unit filename="api_dtss.cpp">
			<Option virtualFolder="api/" />
			<Option target="api_Debug" />
			<Option target="api_Release" />
		</Unit>
		<Unit filename="api_gamma_snow.cpp">
			<Option virtualFolder="api/" />
			<Option target="api_Debug" />
			<Option target="api_Release" />
		</Unit>
		<Unit filename="api_geo_cell_data.cpp">
			<Option virtualFolder="api/" />
			<Option target="api_Debug" />
			<Option target="api_Release" />
		</Unit>
		<Unit filename="api_geo_point.cpp">
			<Option virtualFolder="api/" />
			<Option target="api_Debug" />
			<Option target="api_Release" />
		</Unit>
		<Unit filename="api_glacier_melt.cpp">
			<Option virtualFolder="api/" />
			<Option target="api_Debug" />
			<Option target="api_Release" />
		</Unit>
		<Unit filename="api_hbv_actual_evapotranspiration.cpp">
			<Option virtualFolder="api/" />
			<Option target="api_Debug" />
			<Option target="api_Release" />
		</Unit>
		<Unit filename="api_hbv_snow.cpp">
			<Option virtualFolder="api/" />
			<Option target="api_Debug" />
			<Option target="api_Release" />
		</Unit>
		<Unit filename="api_hbv_soil.cpp">
			<Option virtualFolder="api/" />
			<Option target="api_Debug" />
			<Option target="api_Release" />
		</Unit>
		<Unit filename="api_hbv_tank.cpp">
			<Option virtualFolder="api/" />
			<Option target="api_Debug" />
			<Option target="api_Release" />
		</Unit>
		<Unit filename="api_interpolation.cpp">
			<Option virtualFolder="api/" />
			<Option target="api_Debug" />
			<Option target="api_Release" />
		</Unit>
		<Unit filename="api_kalman.cpp">
			<Option virtualFolder="api/" />
			<Option target="api_Debug" />
			<Option target="api_Release" />
		</Unit>
		<Unit filename="api_kirchner.cpp">
			<Option virtualFolder="api/" />
			<Option target="api_Debug" />
			<Option target="api_Release" />
		</Unit>
		<Unit filename="api_precipitation_correction.cpp">
			<Option virtualFolder="api/" />
			<Option target="api_Debug" />
			<Option target="api_Release" />
		</Unit>
		<Unit filename="api_priestley_taylor.cpp">
			<Option virtualFolder="api/" />
			<Option target="api_Debug" />
			<Option target="api_Release" />
		</Unit>
		<Unit filename="api_region_environment.cpp">
			<Option virtualFolder="api/" />
			<Option target="api_Debug" />
			<Option target="api_Release" />
		</Unit>
		<Unit filename="api_routing.cpp">
			<Option virtualFolder="api/" />
			<Option target="api_Debug" />
			<Option target="api_Release" />
		</Unit>
		<Unit filename="api_skaugen.cpp">
			<Option virtualFolder="api/" />
			<Option target="api_Debug" />
			<Option target="api_Release" />
		</Unit>
		<Unit filename="api_state.cpp">
			<Option virtualFolder="api/" />
			<Option target="api_Debug" />
			<Option target="api_Release" />
		</Unit>
		<Unit filename="api_target_specification.cpp">
			<Option virtualFolder="api/" />
			<Option target="api_Debug" />
			<Option target="api_Release" />
		</Unit>
		<Unit filename="api_time_axis.cpp">
			<Option virtualFolder="api/" />
			<Option target="api_Debug" />
			<Option target="api_Release" />
		</Unit>
		<Unit filename="api_time_series.cpp">
			<Option virtualFolder="api/" />
			<Option target="api_Debug" />
			<Option target="api_Release" />
		</Unit>
		<Unit filename="api_utctime.cpp">
			<Option virtualFolder="api/" />
			<Option target="api_Debug" />
			<Option target="api_Release" />
		</Unit>
		<Unit filename="api_vectors.cpp">
			<Option virtualFolder="api/" />
			<Option target="api_Debug" />
			<Option target="api_Release" />
		</Unit>
		<Unit filename="boostpython_pch.cpp">
			<Option compile="0" />
			<Option link="0" />
		</Unit>
		<Unit filename="boostpython_pch.h">
			<Option compile="1" />
			<Option weight="0" />
		</Unit>
		<Unit filename="expose.h" />
		<Unit filename="expose_statistics.h" />
		<Unit filename="hbv_stack.cpp">
			<Option target="hbv_stack_Debug" />
			<Option target="hbv_stack_Release" />
		</Unit>
		<Unit filename="numpy_boost.hpp" />
		<Unit filename="numpy_boost_python.hpp" />
		<Unit filename="pt_gs_k.cpp">
			<Option target="pt_gs_k_Debug" />
			<Option target="pt_gs_k_Release" />
		</Unit>
		<Unit filename="pt_hs_k.cpp">
			<Option target="pt_hs_k_Debug" />
			<Option target="pt_hs_k_Release" />
		</Unit>
		<Unit filename="pt_ss_k.cpp">
			<Option target="pt_ss_k_Debug" />
			<Option target="pt_ss_k_Release" />
		</Unit>
		<Unit filename="py_convertible.h" />
		<Extensions>
			<envvars />
			<code_completion />
			<debugger />
			<lib_finder disable_auto="1" />
		</Extensions>
	</Project>
</CodeBlocks_project_file>
