<?xml version="1.0" encoding="UTF-8" standalone="yes" ?>
<CodeBlocks_project_file>
	<FileVersion major="1" minor="6" />
	<Project>
		<Option title="api" />
		<Option compiler="gcc" />
		<Build>
			<Target title="Debug">
				<Option output="../bin/Debug/shyftapi" prefix_auto="1" extension_auto="1" />
				<Option working_dir="" />
				<Option object_output="obj/Debug/" />
				<Option type="2" />
				<Option compiler="gcc" />
				<Option createDefFile="1" />
				<Compiler>
					<Add option="-g" />
				</Compiler>
				<Linker>
					<Add directory="../bin/Debug" />
				</Linker>
			</Target>
			<Target title="Release">
				<Option output="../bin/Release/shyftapi" prefix_auto="1" extension_auto="1" />
				<Option working_dir="" />
				<Option object_output="obj/Release/" />
				<Option type="2" />
				<Option compiler="gcc" />
				<Option createDefFile="1" />
				<Compiler>
					<Add option="-O3" />
					<Add option="-DARMA_NO_DEBUG" />
				</Compiler>
				<Linker>
					<Add option="-s" />
					<Add directory="../bin/Release" />
				</Linker>
			</Target>
		</Build>
		<Compiler>
			<Add option="-Wall" />
			<Add option="-std=c++1y" />
			<Add option="-fexceptions -fPIC -pthread" />
			<Add option="-DARMA_DONT_USE_WRAPPER" />
			<Add directory=".." />
			<Add directory="$(#armadillo.include)" />
			<Add directory="$(#dlib.include)" />
			<Add directory="$(#boost.include)" />
		</Compiler>
		<Linker>
			<Add option="-pthread" />
			<Add library="armadillo" />
		</Linker>
		<Unit filename="api.cpp">
			<Option compile="0" />
			<Option link="0" />
		</Unit>
		<Unit filename="api.h" />
		<Unit filename="api_pch.cpp">
			<Option compile="0" />
			<Option link="0" />
		</Unit>
		<Unit filename="api_pch.h">
			<Option compile="1" />
			<Option weight="1" />
		</Unit>
		<Unit filename="api_serialization.cpp" />
		<Unit filename="api_state.h" />
		<Unit filename="hbv_stack.h" />
		<Unit filename="pt_gs_k.h" />
		<Unit filename="pt_hs_k.h" />
		<Unit filename="pt_ss_k.h" />
		<Unit filename="time_series.cpp" />
		<Unit filename="time_series.h" />
		<Extensions>
			<code_completion />
			<debugger />
			<envvars />
		</Extensions>
	</Project>
</CodeBlocks_project_file>
